
Microsoft Visual Studio Solution File, Format Version 12.00
# Visual Studio Version 16
VisualStudioVersion = 16.0.30517.126
MinimumVisualStudioVersion = 10.0.40219.1
Project("{FAE04EC0-301F-11D3-BF4B-00C04F79EFBC}") = "OPChallenges", "OPChallenges\OPChallenges.csproj", "{E713EBCB-8E53-4029-91D5-3552D000AAE5}"
EndProject
Project("{FAE04EC0-301F-11D3-BF4B-00C04F79EFBC}") = "Car", "Car\Car.csproj", "{C0175049-64ED-46A4-9632-7017D2F67BAF}"
EndProject
Global
	GlobalSection(SolutionConfigurationPlatforms) = preSolution
		Debug|Any CPU = Debug|Any CPU
		Release|Any CPU = Release|Any CPU
	EndGlobalSection
	GlobalSection(ProjectConfigurationPlatforms) = postSolution
		{E713EBCB-8E53-4029-91D5-3552D000AAE5}.Debug|Any CPU.ActiveCfg = Debug|Any CPU
		{E713EBCB-8E53-4029-91D5-3552D000AAE5}.Debug|Any CPU.Build.0 = Debug|Any CPU
		{E713EBCB-8E53-4029-91D5-3552D000AAE5}.Release|Any CPU.ActiveCfg = Release|Any CPU
		{E713EBCB-8E53-4029-91D5-3552D000AAE5}.Release|Any CPU.Build.0 = Release|Any CPU
		{C0175049-64ED-46A4-9632-7017D2F67BAF}.Debug|Any CPU.ActiveCfg = Debug|Any CPU
		{C0175049-64ED-46A4-9632-7017D2F67BAF}.Debug|Any CPU.Build.0 = Debug|Any CPU
		{C0175049-64ED-46A4-9632-7017D2F67BAF}.Release|Any CPU.ActiveCfg = Release|Any CPU
		{C0175049-64ED-46A4-9632-7017D2F67BAF}.Release|Any CPU.Build.0 = Release|Any CPU
	EndGlobalSection
	GlobalSection(SolutionProperties) = preSolution
		HideSolutionNode = FALSE
	EndGlobalSection
	GlobalSection(ExtensibilityGlobals) = postSolution
		SolutionGuid = {7BB52092-10CD-4131-B304-79CB12BC46CC}
	EndGlobalSection
EndGlobal
